
Microsoft Visual Studio Solution File, Format Version 11.00
# Visual Studio 2010
Project("{FAE04EC0-301F-11D3-BF4B-00C04F79EFBC}") = "Recipes.Console", "src\Recipes.Console\Recipes.Console.csproj", "{51A6B732-144D-4CB3-9C8F-233DDB0B75B0}"
EndProject
Project("{FAE04EC0-301F-11D3-BF4B-00C04F79EFBC}") = "Recipes.Core", "src\Recipes.Core\Recipes.Core.csproj", "{B9C4E782-971B-4E9C-B462-A159348D6DF5}"
EndProject
Project("{FAE04EC0-301F-11D3-BF4B-00C04F79EFBC}") = "Recipes.Shared", "src\Recipes.Shared\Recipes.Shared.csproj", "{D581AEF4-A4EB-4E0C-9632-77D6977AA98E}"
EndProject
Project("{FAE04EC0-301F-11D3-BF4B-00C04F79EFBC}") = "Recipes.ScriptRunners", "src\Recipes.ScriptRunners\Recipes.ScriptRunners.csproj", "{5B09AF45-7E11-4800-AD75-D319536B2D1E}"
EndProject
Project("{FAE04EC0-301F-11D3-BF4B-00C04F79EFBC}") = "Recipes.Tests", "src\Recipes.Tests\Recipes.Tests.csproj", "{0A84C8D9-1415-4631-AE77-2A9020008A96}"
EndProject
Project("{FAE04EC0-301F-11D3-BF4B-00C04F79EFBC}") = "Recipes.Scripts.CSharp", "src\Recipes.Scripts.CSharp\Recipes.Scripts.CSharp.csproj", "{BBFA10B0-D02C-4F4A-8B6F-9CF4513A6BEA}"
EndProject
Global
	GlobalSection(SolutionConfigurationPlatforms) = preSolution
		Debug|Any CPU = Debug|Any CPU
		Debug|Mixed Platforms = Debug|Mixed Platforms
		Debug|x86 = Debug|x86
		Release|Any CPU = Release|Any CPU
		Release|Mixed Platforms = Release|Mixed Platforms
		Release|x86 = Release|x86
	EndGlobalSection
	GlobalSection(ProjectConfigurationPlatforms) = postSolution
		{51A6B732-144D-4CB3-9C8F-233DDB0B75B0}.Debug|Any CPU.ActiveCfg = Debug|x86
		{51A6B732-144D-4CB3-9C8F-233DDB0B75B0}.Debug|Mixed Platforms.ActiveCfg = Debug|x86
		{51A6B732-144D-4CB3-9C8F-233DDB0B75B0}.Debug|Mixed Platforms.Build.0 = Debug|x86
		{51A6B732-144D-4CB3-9C8F-233DDB0B75B0}.Debug|x86.ActiveCfg = Debug|x86
		{51A6B732-144D-4CB3-9C8F-233DDB0B75B0}.Debug|x86.Build.0 = Debug|x86
		{51A6B732-144D-4CB3-9C8F-233DDB0B75B0}.Release|Any CPU.ActiveCfg = Release|x86
		{51A6B732-144D-4CB3-9C8F-233DDB0B75B0}.Release|Mixed Platforms.ActiveCfg = Release|x86
		{51A6B732-144D-4CB3-9C8F-233DDB0B75B0}.Release|Mixed Platforms.Build.0 = Release|x86
		{51A6B732-144D-4CB3-9C8F-233DDB0B75B0}.Release|x86.ActiveCfg = Release|x86
		{51A6B732-144D-4CB3-9C8F-233DDB0B75B0}.Release|x86.Build.0 = Release|x86
		{B9C4E782-971B-4E9C-B462-A159348D6DF5}.Debug|Any CPU.ActiveCfg = Debug|Any CPU
		{B9C4E782-971B-4E9C-B462-A159348D6DF5}.Debug|Any CPU.Build.0 = Debug|Any CPU
		{B9C4E782-971B-4E9C-B462-A159348D6DF5}.Debug|Mixed Platforms.ActiveCfg = Debug|Any CPU
		{B9C4E782-971B-4E9C-B462-A159348D6DF5}.Debug|Mixed Platforms.Build.0 = Debug|Any CPU
		{B9C4E782-971B-4E9C-B462-A159348D6DF5}.Debug|x86.ActiveCfg = Debug|Any CPU
		{B9C4E782-971B-4E9C-B462-A159348D6DF5}.Release|Any CPU.ActiveCfg = Release|Any CPU
		{B9C4E782-971B-4E9C-B462-A159348D6DF5}.Release|Any CPU.Build.0 = Release|Any CPU
		{B9C4E782-971B-4E9C-B462-A159348D6DF5}.Release|Mixed Platforms.ActiveCfg = Release|Any CPU
		{B9C4E782-971B-4E9C-B462-A159348D6DF5}.Release|Mixed Platforms.Build.0 = Release|Any CPU
		{B9C4E782-971B-4E9C-B462-A159348D6DF5}.Release|x86.ActiveCfg = Release|Any CPU
		{D581AEF4-A4EB-4E0C-9632-77D6977AA98E}.Debug|Any CPU.ActiveCfg = Debug|Any CPU
		{D581AEF4-A4EB-4E0C-9632-77D6977AA98E}.Debug|Any CPU.Build.0 = Debug|Any CPU
		{D581AEF4-A4EB-4E0C-9632-77D6977AA98E}.Debug|Mixed Platforms.ActiveCfg = Debug|Any CPU
		{D581AEF4-A4EB-4E0C-9632-77D6977AA98E}.Debug|Mixed Platforms.Build.0 = Debug|Any CPU
		{D581AEF4-A4EB-4E0C-9632-77D6977AA98E}.Debug|x86.ActiveCfg = Debug|Any CPU
		{D581AEF4-A4EB-4E0C-9632-77D6977AA98E}.Release|Any CPU.ActiveCfg = Release|Any CPU
		{D581AEF4-A4EB-4E0C-9632-77D6977AA98E}.Release|Any CPU.Build.0 = Release|Any CPU
		{D581AEF4-A4EB-4E0C-9632-77D6977AA98E}.Release|Mixed Platforms.ActiveCfg = Release|Any CPU
		{D581AEF4-A4EB-4E0C-9632-77D6977AA98E}.Release|Mixed Platforms.Build.0 = Release|Any CPU
		{D581AEF4-A4EB-4E0C-9632-77D6977AA98E}.Release|x86.ActiveCfg = Release|Any CPU
		{5B09AF45-7E11-4800-AD75-D319536B2D1E}.Debug|Any CPU.ActiveCfg = Debug|Any CPU
		{5B09AF45-7E11-4800-AD75-D319536B2D1E}.Debug|Any CPU.Build.0 = Debug|Any CPU
		{5B09AF45-7E11-4800-AD75-D319536B2D1E}.Debug|Mixed Platforms.ActiveCfg = Debug|Any CPU
		{5B09AF45-7E11-4800-AD75-D319536B2D1E}.Debug|Mixed Platforms.Build.0 = Debug|Any CPU
		{5B09AF45-7E11-4800-AD75-D319536B2D1E}.Debug|x86.ActiveCfg = Debug|Any CPU
		{5B09AF45-7E11-4800-AD75-D319536B2D1E}.Release|Any CPU.ActiveCfg = Release|Any CPU
		{5B09AF45-7E11-4800-AD75-D319536B2D1E}.Release|Any CPU.Build.0 = Release|Any CPU
		{5B09AF45-7E11-4800-AD75-D319536B2D1E}.Release|Mixed Platforms.ActiveCfg = Release|Any CPU
		{5B09AF45-7E11-4800-AD75-D319536B2D1E}.Release|Mixed Platforms.Build.0 = Release|Any CPU
		{5B09AF45-7E11-4800-AD75-D319536B2D1E}.Release|x86.ActiveCfg = Release|Any CPU
		{0A84C8D9-1415-4631-AE77-2A9020008A96}.Debug|Any CPU.ActiveCfg = Debug|Any CPU
		{0A84C8D9-1415-4631-AE77-2A9020008A96}.Debug|Any CPU.Build.0 = Debug|Any CPU
		{0A84C8D9-1415-4631-AE77-2A9020008A96}.Debug|Mixed Platforms.ActiveCfg = Debug|Any CPU
		{0A84C8D9-1415-4631-AE77-2A9020008A96}.Debug|Mixed Platforms.Build.0 = Debug|Any CPU
		{0A84C8D9-1415-4631-AE77-2A9020008A96}.Debug|x86.ActiveCfg = Debug|Any CPU
		{0A84C8D9-1415-4631-AE77-2A9020008A96}.Release|Any CPU.ActiveCfg = Release|Any CPU
		{0A84C8D9-1415-4631-AE77-2A9020008A96}.Release|Any CPU.Build.0 = Release|Any CPU
		{0A84C8D9-1415-4631-AE77-2A9020008A96}.Release|Mixed Platforms.ActiveCfg = Release|Any CPU
		{0A84C8D9-1415-4631-AE77-2A9020008A96}.Release|Mixed Platforms.Build.0 = Release|Any CPU
		{0A84C8D9-1415-4631-AE77-2A9020008A96}.Release|x86.ActiveCfg = Release|Any CPU
		{BBFA10B0-D02C-4F4A-8B6F-9CF4513A6BEA}.Debug|Any CPU.ActiveCfg = Debug|Any CPU
		{BBFA10B0-D02C-4F4A-8B6F-9CF4513A6BEA}.Debug|Any CPU.Build.0 = Debug|Any CPU
		{BBFA10B0-D02C-4F4A-8B6F-9CF4513A6BEA}.Debug|Mixed Platforms.ActiveCfg = Debug|Any CPU
		{BBFA10B0-D02C-4F4A-8B6F-9CF4513A6BEA}.Debug|Mixed Platforms.Build.0 = Debug|Any CPU
		{BBFA10B0-D02C-4F4A-8B6F-9CF4513A6BEA}.Debug|x86.ActiveCfg = Debug|Any CPU
		{BBFA10B0-D02C-4F4A-8B6F-9CF4513A6BEA}.Release|Any CPU.ActiveCfg = Release|Any CPU
		{BBFA10B0-D02C-4F4A-8B6F-9CF4513A6BEA}.Release|Any CPU.Build.0 = Release|Any CPU
		{BBFA10B0-D02C-4F4A-8B6F-9CF4513A6BEA}.Release|Mixed Platforms.ActiveCfg = Release|Any CPU
		{BBFA10B0-D02C-4F4A-8B6F-9CF4513A6BEA}.Release|Mixed Platforms.Build.0 = Release|Any CPU
		{BBFA10B0-D02C-4F4A-8B6F-9CF4513A6BEA}.Release|x86.ActiveCfg = Release|Any CPU
	EndGlobalSection
	GlobalSection(SolutionProperties) = preSolution
		HideSolutionNode = FALSE
	EndGlobalSection
EndGlobal
